
Microsoft Visual Studio Solution File, Format Version 12.00
# Visual Studio Version 17
VisualStudioVersion = 17.14.36025.13 d17.14
MinimumVisualStudioVersion = 10.0.40219.1
Project("{FAE04EC0-301F-11D3-BF4B-00C04F79EFBC}") = "Fact", "Fact.csproj", "{AA426478-D878-4A20-ADE3-4FEA4617244F}"
EndProject
Global
	GlobalSection(SolutionConfigurationPlatforms) = preSolution
		Debug|Any CPU = Debug|Any CPU
		Release|Any CPU = Release|Any CPU
	EndGlobalSection
	GlobalSection(ProjectConfigurationPlatforms) = postSolution
		{AA426478-D878-4A20-ADE3-4FEA4617244F}.Debug|Any CPU.ActiveCfg = Debug|Any CPU
		{AA426478-D878-4A20-ADE3-4FEA4617244F}.Debug|Any CPU.Build.0 = Debug|Any CPU
		{AA426478-D878-4A20-ADE3-4FEA4617244F}.Release|Any CPU.ActiveCfg = Release|Any CPU
		{AA426478-D878-4A20-ADE3-4FEA4617244F}.Release|Any CPU.Build.0 = Release|Any CPU
	EndGlobalSection
	GlobalSection(SolutionProperties) = preSolution
		HideSolutionNode = FALSE
	EndGlobalSection
	GlobalSection(ExtensibilityGlobals) = postSolution
		SolutionGuid = {77374B79-C75B-42BE-8294-07C062A90152}
	EndGlobalSection
EndGlobal
